// !$*UTF8*$!
{
	archiveVersion = 1;
	classes = {
	};
	objectVersion = 46;
	objects = {

/* Begin PBXBuildFile section */
		A75A204A1B180897008F0B79 /* main.m in Sources */ = {isa = PBXBuildFile; fileRef = A75A20491B180897008F0B79 /* main.m */; };
		A75A204D1B180897008F0B79 /* AppDelegate.m in Sources */ = {isa = PBXBuildFile; fileRef = A75A204C1B180897008F0B79 /* AppDelegate.m */; };
		A75A20501B180897008F0B79 /* ViewController.m in Sources */ = {isa = PBXBuildFile; fileRef = A75A204F1B180897008F0B79 /* ViewController.m */; };
		A75A20531B180897008F0B79 /* Main.storyboard in Resources */ = {isa = PBXBuildFile; fileRef = A75A20511B180897008F0B79 /* Main.storyboard */; };
		A75A20551B180897008F0B79 /* Images.xcassets in Resources */ = {isa = PBXBuildFile; fileRef = A75A20541B180897008F0B79 /* Images.xcassets */; };
		A75A20581B180897008F0B79 /* LaunchScreen.xib in Resources */ = {isa = PBXBuildFile; fileRef = A75A20561B180897008F0B79 /* LaunchScreen.xib */; };
		A75A20641B180897008F0B79 /* _9_PicGuessTests.m in Sources */ = {isa = PBXBuildFile; fileRef = A75A20631B180897008F0B79 /* _9_PicGuessTests.m */; };
		A75A20711B180948008F0B79 /* PGModel.m in Sources */ = {isa = PBXBuildFile; fileRef = A75A20701B180948008F0B79 /* PGModel.m */; };
		A7C7B62A1B22C39B00A33569 /* pgData.plist in Resources */ = {isa = PBXBuildFile; fileRef = A7C7B6291B22C39B00A33569 /* pgData.plist */; };
/* End PBXBuildFile section */

/* Begin PBXContainerItemProxy section */
		A75A205E1B180897008F0B79 /* PBXContainerItemProxy */ = {
			isa = PBXContainerItemProxy;
			containerPortal = A75A203C1B180897008F0B79 /* Project object */;
			proxyType = 1;
			remoteGlobalIDString = A75A20431B180897008F0B79;
			remoteInfo = "19-PicGuess";
		};
/* End PBXContainerItemProxy section */

/* Begin PBXFileReference section */
		A75A20441B180897008F0B79 /* 19-PicGuess.app */ = {isa = PBXFileReference; explicitFileType = wrapper.application; includeInIndex = 0; path = "19-PicGuess.app"; sourceTree = BUILT_PRODUCTS_DIR; };
		A75A20481B180897008F0B79 /* Info.plist */ = {isa = PBXFileReference; lastKnownFileType = text.plist.xml; path = Info.plist; sourceTree = "<group>"; };
		A75A20491B180897008F0B79 /* main.m */ = {isa = PBXFileReference; lastKnownFileType = sourcecode.c.objc; path = main.m; sourceTree = "<group>"; };
		A75A204B1B180897008F0B79 /* AppDelegate.h */ = {isa = PBXFileReference; lastKnownFileType = sourcecode.c.h; path = AppDelegate.h; sourceTree = "<group>"; };
		A75A204C1B180897008F0B79 /* AppDelegate.m */ = {isa = PBXFileReference; lastKnownFileType = sourcecode.c.objc; path = AppDelegate.m; sourceTree = "<group>"; };
		A75A204E1B180897008F0B79 /* ViewController.h */ = {isa = PBXFileReference; lastKnownFileType = sourcecode.c.h; path = ViewController.h; sourceTree = "<group>"; };
		A75A204F1B180897008F0B79 /* ViewController.m */ = {isa = PBXFileReference; indentWidth = 5; lastKnownFileType = sourcecode.c.objc; path = ViewController.m; sourceTree = "<group>"; };
		A75A20521B180897008F0B79 /* Base */ = {isa = PBXFileReference; lastKnownFileType = file.storyboard; name = Base; path = Base.lproj/Main.storyboard; sourceTree = "<group>"; };
		A75A20541B180897008F0B79 /* Images.xcassets */ = {isa = PBXFileReference; lastKnownFileType = folder.assetcatalog; path = Images.xcassets; sourceTree = "<group>"; };
		A75A20571B180897008F0B79 /* Base */ = {isa = PBXFileReference; lastKnownFileType = file.xib; name = Base; path = Base.lproj/LaunchScreen.xib; sourceTree = "<group>"; };
		A75A205D1B180897008F0B79 /* 19-PicGuessTests.xctest */ = {isa = PBXFileReference; explicitFileType = wrapper.cfbundle; includeInIndex = 0; path = "19-PicGuessTests.xctest"; sourceTree = BUILT_PRODUCTS_DIR; };
		A75A20621B180897008F0B79 /* Info.plist */ = {isa = PBXFileReference; lastKnownFileType = text.plist.xml; path = Info.plist; sourceTree = "<group>"; };
		A75A20631B180897008F0B79 /* _9_PicGuessTests.m */ = {isa = PBXFileReference; lastKnownFileType = sourcecode.c.objc; path = _9_PicGuessTests.m; sourceTree = "<group>"; };
		A75A206F1B180948008F0B79 /* PGModel.h */ = {isa = PBXFileReference; fileEncoding = 4; lastKnownFileType = sourcecode.c.h; path = PGModel.h; sourceTree = "<group>"; };
		A75A20701B180948008F0B79 /* PGModel.m */ = {isa = PBXFileReference; fileEncoding = 4; lastKnownFileType = sourcecode.c.objc; path = PGModel.m; sourceTree = "<group>"; };
		A7C7B6291B22C39B00A33569 /* pgData.plist */ = {isa = PBXFileReference; fileEncoding = 4; lastKnownFileType = text.plist.xml; path = pgData.plist; sourceTree = "<group>"; };
/* End PBXFileReference section */

/* Begin PBXFrameworksBuildPhase section */
		A75A20411B180897008F0B79 /* Frameworks */ = {
			isa = PBXFrameworksBuildPhase;
			buildActionMask = 2147483647;
			files = (
			);
			runOnlyForDeploymentPostprocessing = 0;
		};
		A75A205A1B180897008F0B79 /* Frameworks */ = {
			isa = PBXFrameworksBuildPhase;
			buildActionMask = 2147483647;
			files = (
			);
			runOnlyForDeploymentPostprocessing = 0;
		};
/* End PBXFrameworksBuildPhase section */

/* Begin PBXGroup section */
		A75A203B1B180897008F0B79 = {
			isa = PBXGroup;
			children = (
				A75A20461B180897008F0B79 /* 19-PicGuess */,
				A75A20601B180897008F0B79 /* 19-PicGuessTests */,
				A75A20451B180897008F0B79 /* Products */,
			);
			sourceTree = "<group>";
		};
		A75A20451B180897008F0B79 /* Products */ = {
			isa = PBXGroup;
			children = (
				A75A20441B180897008F0B79 /* 19-PicGuess.app */,
				A75A205D1B180897008F0B79 /* 19-PicGuessTests.xctest */,
			);
			name = Products;
			sourceTree = "<group>";
		};
		A75A20461B180897008F0B79 /* 19-PicGuess */ = {
			isa = PBXGroup;
			children = (
				A75A204B1B180897008F0B79 /* AppDelegate.h */,
				A75A204C1B180897008F0B79 /* AppDelegate.m */,
				A75A206F1B180948008F0B79 /* PGModel.h */,
				A75A20701B180948008F0B79 /* PGModel.m */,
				A75A204E1B180897008F0B79 /* ViewController.h */,
				A75A204F1B180897008F0B79 /* ViewController.m */,
				A75A20511B180897008F0B79 /* Main.storyboard */,
				A75A20541B180897008F0B79 /* Images.xcassets */,
				A75A20561B180897008F0B79 /* LaunchScreen.xib */,
				A75A20471B180897008F0B79 /* Supporting Files */,
			);
			path = "19-PicGuess";
			sourceTree = "<group>";
		};
		A75A20471B180897008F0B79 /* Supporting Files */ = {
			isa = PBXGroup;
			children = (
				A75A20481B180897008F0B79 /* Info.plist */,
				A7C7B6291B22C39B00A33569 /* pgData.plist */,
				A75A20491B180897008F0B79 /* main.m */,
			);
			name = "Supporting Files";
			sourceTree = "<group>";
		};
		A75A20601B180897008F0B79 /* 19-PicGuessTests */ = {
			isa = PBXGroup;
			children = (
				A75A20631B180897008F0B79 /* _9_PicGuessTests.m */,
				A75A20611B180897008F0B79 /* Supporting Files */,
			);
			path = "19-PicGuessTests";
			sourceTree = "<group>";
		};
		A75A20611B180897008F0B79 /* Supporting Files */ = {
			isa = PBXGroup;
			children = (
				A75A20621B180897008F0B79 /* Info.plist */,
			);
			name = "Supporting Files";
			sourceTree = "<group>";
		};
/* End PBXGroup section */

/* Begin PBXNativeTarget section */
		A75A20431B180897008F0B79 /* 19-PicGuess */ = {
			isa = PBXNativeTarget;
			buildConfigurationList = A75A20671B180897008F0B79 /* Build configuration list for PBXNativeTarget "19-PicGuess" */;
			buildPhases = (
				A75A20401B180897008F0B79 /* Sources */,
				A75A20411B180897008F0B79 /* Frameworks */,
				A75A20421B180897008F0B79 /* Resources */,
			);
			buildRules = (
			);
			dependencies = (
			);
			name = "19-PicGuess";
			productName = "19-PicGuess";
			productReference = A75A20441B180897008F0B79 /* 19-PicGuess.app */;
			productType = "com.apple.product-type.application";
		};
		A75A205C1B180897008F0B79 /* 19-PicGuessTests */ = {
			isa = PBXNativeTarget;
			buildConfigurationList = A75A206A1B180897008F0B79 /* Build configuration list for PBXNativeTarget "19-PicGuessTests" */;
			buildPhases = (
				A75A20591B180897008F0B79 /* Sources */,
				A75A205A1B180897008F0B79 /* Frameworks */,
				A75A205B1B180897008F0B79 /* Resources */,
			);
			buildRules = (
			);
			dependencies = (
				A75A205F1B180897008F0B79 /* PBXTargetDependency */,
			);
			name = "19-PicGuessTests";
			productName = "19-PicGuessTests";
			productReference = A75A205D1B180897008F0B79 /* 19-PicGuessTests.xctest */;
			productType = "com.apple.product-type.bundle.unit-test";
		};
/* End PBXNativeTarget section */

/* Begin PBXProject section */
		A75A203C1B180897008F0B79 /* Project object */ = {
			isa = PBXProject;
			attributes = {
				LastUpgradeCheck = 0630;
				ORGANIZATIONNAME = Aixtuz;
				TargetAttributes = {
					A75A20431B180897008F0B79 = {
						CreatedOnToolsVersion = 6.3;
					};
					A75A205C1B180897008F0B79 = {
						CreatedOnToolsVersion = 6.3;
						TestTargetID = A75A20431B180897008F0B79;
					};
				};
			};
			buildConfigurationList = A75A203F1B180897008F0B79 /* Build configuration list for PBXProject "19-PicGuess" */;
			compatibilityVersion = "Xcode 3.2";
			developmentRegion = English;
			hasScannedForEncodings = 0;
			knownRegions = (
				en,
				Base,
			);
			mainGroup = A75A203B1B180897008F0B79;
			productRefGroup = A75A20451B180897008F0B79 /* Products */;
			projectDirPath = "";
			projectRoot = "";
			targets = (
				A75A20431B180897008F0B79 /* 19-PicGuess */,
				A75A205C1B180897008F0B79 /* 19-PicGuessTests */,
			);
		};
/* End PBXProject section */

/* Begin PBXResourcesBuildPhase section */
		A75A20421B180897008F0B79 /* Resources */ = {
			isa = PBXResourcesBuildPhase;
			buildActionMask = 2147483647;
			files = (
				A7C7B62A1B22C39B00A33569 /* pgData.plist in Resources */,
				A75A20531B180897008F0B79 /* Main.storyboard in Resources */,
				A75A20581B180897008F0B79 /* LaunchScreen.xib in Resources */,
				A75A20551B180897008F0B79 /* Images.xcassets in Resources */,
			);
			runOnlyForDeploymentPostprocessing = 0;
		};
		A75A205B1B180897008F0B79 /* Resources */ = {
			isa = PBXResourcesBuildPhase;
			buildActionMask = 2147483647;
			files = (
			);
			runOnlyForDeploymentPostprocessing = 0;
		};
/* End PBXResourcesBuildPhase section */

/* Begin PBXSourcesBuildPhase section */
		A75A20401B180897008F0B79 /* Sources */ = {
			isa = PBXSourcesBuildPhase;
			buildActionMask = 2147483647;
			files = (
				A75A20711B180948008F0B79 /* PGModel.m in Sources */,
				A75A20501B180897008F0B79 /* ViewController.m in Sources */,
				A75A204D1B180897008F0B79 /* AppDelegate.m in Sources */,
				A75A204A1B180897008F0B79 /* main.m in Sources */,
			);
			runOnlyForDeploymentPostprocessing = 0;
		};
		A75A20591B180897008F0B79 /* Sources */ = {
			isa = PBXSourcesBuildPhase;
			buildActionMask = 2147483647;
			files = (
				A75A20641B180897008F0B79 /* _9_PicGuessTests.m in Sources */,
			);
			runOnlyForDeploymentPostprocessing = 0;
		};
/* End PBXSourcesBuildPhase section */

/* Begin PBXTargetDependency section */
		A75A205F1B180897008F0B79 /* PBXTargetDependency */ = {
			isa = PBXTargetDependency;
			target = A75A20431B180897008F0B79 /* 19-PicGuess */;
			targetProxy = A75A205E1B180897008F0B79 /* PBXContainerItemProxy */;
		};
/* End PBXTargetDependency section */

/* Begin PBXVariantGroup section */
		A75A20511B180897008F0B79 /* Main.storyboard */ = {
			isa = PBXVariantGroup;
			children = (
				A75A20521B180897008F0B79 /* Base */,
			);
			name = Main.storyboard;
			sourceTree = "<group>";
		};
		A75A20561B180897008F0B79 /* LaunchScreen.xib */ = {
			isa = PBXVariantGroup;
			children = (
				A75A20571B180897008F0B79 /* Base */,
			);
			name = LaunchScreen.xib;
			sourceTree = "<group>";
		};
/* End PBXVariantGroup section */

/* Begin XCBuildConfiguration section */
		A75A20651B180897008F0B79 /* Debug */ = {
			isa = XCBuildConfiguration;
			buildSettings = {
				ALWAYS_SEARCH_USER_PATHS = NO;
				CLANG_CXX_LANGUAGE_STANDARD = "gnu++0x";
				CLANG_CXX_LIBRARY = "libc++";
				CLANG_ENABLE_MODULES = YES;
				CLANG_ENABLE_OBJC_ARC = YES;
				CLANG_WARN_BOOL_CONVERSION = YES;
				CLANG_WARN_CONSTANT_CONVERSION = YES;
				CLANG_WARN_DIRECT_OBJC_ISA_USAGE = YES_ERROR;
				CLANG_WARN_EMPTY_BODY = YES;
				CLANG_WARN_ENUM_CONVERSION = YES;
				CLANG_WARN_INT_CONVERSION = YES;
				CLANG_WARN_OBJC_ROOT_CLASS = YES_ERROR;
				CLANG_WARN_UNREACHABLE_CODE = YES;
				CLANG_WARN__DUPLICATE_METHOD_MATCH = YES;
				"CODE_SIGN_IDENTITY[sdk=iphoneos*]" = "iPhone Developer";
				COPY_PHASE_STRIP = NO;
				DEBUG_INFORMATION_FORMAT = "dwarf-with-dsym";
				ENABLE_STRICT_OBJC_MSGSEND = YES;
				GCC_C_LANGUAGE_STANDARD = gnu99;
				GCC_DYNAMIC_NO_PIC = NO;
				GCC_NO_COMMON_BLOCKS = YES;
				GCC_OPTIMIZATION_LEVEL = 0;
				GCC_PREPROCESSOR_DEFINITIONS = (
					"DEBUG=1",
					"$(inherited)",
				);
				GCC_SYMBOLS_PRIVATE_EXTERN = NO;
				GCC_WARN_64_TO_32_BIT_CONVERSION = YES;
				GCC_WARN_ABOUT_RETURN_TYPE = YES_ERROR;
				GCC_WARN_UNDECLARED_SELECTOR = YES;
				GCC_WARN_UNINITIALIZED_AUTOS = YES_AGGRESSIVE;
				GCC_WARN_UNUSED_FUNCTION = YES;
				GCC_WARN_UNUSED_VARIABLE = YES;
				IPHONEOS_DEPLOYMENT_TARGET = 8.3;
				MTL_ENABLE_DEBUG_INFO = YES;
				ONLY_ACTIVE_ARCH = YES;
				SDKROOT = iphoneos;
			};
			name = Debug;
		};
		A75A20661B180897008F0B79 /* Release */ = {
			isa = XCBuildConfiguration;
			buildSettings = {
				ALWAYS_SEARCH_USER_PATHS = NO;
				CLANG_CXX_LANGUAGE_STANDARD = "gnu++0x";
				CLANG_CXX_LIBRARY = "libc++";
				CLANG_ENABLE_MODULES = YES;
				CLANG_ENABLE_OBJC_ARC = YES;
				CLANG_WARN_BOOL_CONVERSION = YES;
				CLANG_WARN_CONSTANT_CONVERSION = YES;
				CLANG_WARN_DIRECT_OBJC_ISA_USAGE = YES_ERROR;
				CLANG_WARN_EMPTY_BODY = YES;
				CLANG_WARN_ENUM_CONVERSION = YES;
				CLANG_WARN_INT_CONVERSION = YES;
				CLANG_WARN_OBJC_ROOT_CLASS = YES_ERROR;
				CLANG_WARN_UNREACHABLE_CODE = YES;
				CLANG_WARN__DUPLICATE_METHOD_MATCH = YES;
				"CODE_SIGN_IDENTITY[sdk=iphoneos*]" = "iPhone Developer";
				COPY_PHASE_STRIP = NO;
				DEBUG_INFORMATION_FORMAT = "dwarf-with-dsym";
				ENABLE_NS_ASSERTIONS = NO;
				ENABLE_STRICT_OBJC_MSGSEND = YES;
				GCC_C_LANGUAGE_STANDARD = gnu99;
				GCC_NO_COMMON_BLOCKS = YES;
				GCC_WARN_64_TO_32_BIT_CONVERSION = YES;
				GCC_WARN_ABOUT_RETURN_TYPE = YES_ERROR;
				GCC_WARN_UNDECLARED_SELECTOR = YES;
				GCC_WARN_UNINITIALIZED_AUTOS = YES_AGGRESSIVE;
				GCC_WARN_UNUSED_FUNCTION = YES;
				GCC_WARN_UNUSED_VARIABLE = YES;
				IPHONEOS_DEPLOYMENT_TARGET = 8.3;
				MTL_ENABLE_DEBUG_INFO = NO;
				SDKROOT = iphoneos;
				VALIDATE_PRODUCT = YES;
			};
			name = Release;
		};
		A75A20681B180897008F0B79 /* Debug */ = {
			isa = XCBuildConfiguration;
			buildSettings = {
				ASSETCATALOG_COMPILER_APPICON_NAME = AppIcon;
				INFOPLIST_FILE = "19-PicGuess/Info.plist";
				LD_RUNPATH_SEARCH_PATHS = "$(inherited) @executable_path/Frameworks";
				PRODUCT_NAME = "$(TARGET_NAME)";
			};
			name = Debug;
		};
		A75A20691B180897008F0B79 /* Release */ = {
			isa = XCBuildConfiguration;
			buildSettings = {
				ASSETCATALOG_COMPILER_APPICON_NAME = AppIcon;
				INFOPLIST_FILE = "19-PicGuess/Info.plist";
				LD_RUNPATH_SEARCH_PATHS = "$(inherited) @executable_path/Frameworks";
				PRODUCT_NAME = "$(TARGET_NAME)";
			};
			name = Release;
		};
		A75A206B1B180897008F0B79 /* Debug */ = {
			isa = XCBuildConfiguration;
			buildSettings = {
				BUNDLE_LOADER = "$(TEST_HOST)";
				FRAMEWORK_SEARCH_PATHS = (
					"$(SDKROOT)/Developer/Library/Frameworks",
					"$(inherited)",
				);
				GCC_PREPROCESSOR_DEFINITIONS = (
					"DEBUG=1",
					"$(inherited)",
				);
				INFOPLIST_FILE = "19-PicGuessTests/Info.plist";
				LD_RUNPATH_SEARCH_PATHS = "$(inherited) @executable_path/Frameworks @loader_path/Frameworks";
				PRODUCT_NAME = "$(TARGET_NAME)";
				TEST_HOST = "$(BUILT_PRODUCTS_DIR)/19-PicGuess.app/19-PicGuess";
			};
			name = Debug;
		};
		A75A206C1B180897008F0B79 /* Release */ = {
			isa = XCBuildConfiguration;
			buildSettings = {
				BUNDLE_LOADER = "$(TEST_HOST)";
				FRAMEWORK_SEARCH_PATHS = (
					"$(SDKROOT)/Developer/Library/Frameworks",
					"$(inherited)",
				);
				INFOPLIST_FILE = "19-PicGuessTests/Info.plist";
				LD_RUNPATH_SEARCH_PATHS = "$(inherited) @executable_path/Frameworks @loader_path/Frameworks";
				PRODUCT_NAME = "$(TARGET_NAME)";
				TEST_HOST = "$(BUILT_PRODUCTS_DIR)/19-PicGuess.app/19-PicGuess";
			};
			name = Release;
		};
/* End XCBuildConfiguration section */

/* Begin XCConfigurationList section */
		A75A203F1B180897008F0B79 /* Build configuration list for PBXProject "19-PicGuess" */ = {
			isa = XCConfigurationList;
			buildConfigurations = (
				A75A20651B180897008F0B79 /* Debug */,
				A75A20661B180897008F0B79 /* Release */,
			);
			defaultConfigurationIsVisible = 0;
			defaultConfigurationName = Release;
		};
		A75A20671B180897008F0B79 /* Build configuration list for PBXNativeTarget "19-PicGuess" */ = {
			isa = XCConfigurationList;
			buildConfigurations = (
				A75A20681B180897008F0B79 /* Debug */,
				A75A20691B180897008F0B79 /* Release */,
			);
			defaultConfigurationIsVisible = 0;
			defaultConfigurationName = Release;
		};
		A75A206A1B180897008F0B79 /* Build configuration list for PBXNativeTarget "19-PicGuessTests" */ = {
			isa = XCConfigurationList;
			buildConfigurations = (
				A75A206B1B180897008F0B79 /* Debug */,
				A75A206C1B180897008F0B79 /* Release */,
			);
			defaultConfigurationIsVisible = 0;
			defaultConfigurationName = Release;
		};
/* End XCConfigurationList section */
	};
	rootObject = A75A203C1B180897008F0B79 /* Project object */;
}
