// !$*UTF8*$!
{
	archiveVersion = 1;
	classes = {
	};
	objectVersion = 46;
	objects = {

/* Begin PBXBuildFile section */
		A7AFFBC41B7E639600AF3B76 /* main.m in Sources */ = {isa = PBXBuildFile; fileRef = A7AFFBC31B7E639600AF3B76 /* main.m */; };
		A7AFFBC71B7E639600AF3B76 /* AppDelegate.m in Sources */ = {isa = PBXBuildFile; fileRef = A7AFFBC61B7E639600AF3B76 /* AppDelegate.m */; };
		A7AFFBCD1B7E639600AF3B76 /* Main.storyboard in Resources */ = {isa = PBXBuildFile; fileRef = A7AFFBCB1B7E639600AF3B76 /* Main.storyboard */; };
		A7AFFBCF1B7E639600AF3B76 /* Assets.xcassets in Resources */ = {isa = PBXBuildFile; fileRef = A7AFFBCE1B7E639600AF3B76 /* Assets.xcassets */; };
		A7AFFBD21B7E639600AF3B76 /* LaunchScreen.storyboard in Resources */ = {isa = PBXBuildFile; fileRef = A7AFFBD01B7E639600AF3B76 /* LaunchScreen.storyboard */; };
		A7AFFBDB1B7E645A00AF3B76 /* GeocoderViewController.m in Sources */ = {isa = PBXBuildFile; fileRef = A7AFFBDA1B7E645A00AF3B76 /* GeocoderViewController.m */; };
		A7AFFBDE1B7E646700AF3B76 /* ReverceGeocoderViewController.m in Sources */ = {isa = PBXBuildFile; fileRef = A7AFFBDD1B7E646700AF3B76 /* ReverceGeocoderViewController.m */; };
/* End PBXBuildFile section */

/* Begin PBXFileReference section */
		A7AFFBBF1B7E639600AF3B76 /* 02-Geocoder.app */ = {isa = PBXFileReference; explicitFileType = wrapper.application; includeInIndex = 0; path = "02-Geocoder.app"; sourceTree = BUILT_PRODUCTS_DIR; };
		A7AFFBC31B7E639600AF3B76 /* main.m */ = {isa = PBXFileReference; lastKnownFileType = sourcecode.c.objc; path = main.m; sourceTree = "<group>"; };
		A7AFFBC51B7E639600AF3B76 /* AppDelegate.h */ = {isa = PBXFileReference; lastKnownFileType = sourcecode.c.h; path = AppDelegate.h; sourceTree = "<group>"; };
		A7AFFBC61B7E639600AF3B76 /* AppDelegate.m */ = {isa = PBXFileReference; lastKnownFileType = sourcecode.c.objc; path = AppDelegate.m; sourceTree = "<group>"; };
		A7AFFBCC1B7E639600AF3B76 /* Base */ = {isa = PBXFileReference; lastKnownFileType = file.storyboard; name = Base; path = Base.lproj/Main.storyboard; sourceTree = "<group>"; };
		A7AFFBCE1B7E639600AF3B76 /* Assets.xcassets */ = {isa = PBXFileReference; lastKnownFileType = folder.assetcatalog; path = Assets.xcassets; sourceTree = "<group>"; };
		A7AFFBD11B7E639600AF3B76 /* Base */ = {isa = PBXFileReference; lastKnownFileType = file.storyboard; name = Base; path = Base.lproj/LaunchScreen.storyboard; sourceTree = "<group>"; };
		A7AFFBD31B7E639600AF3B76 /* Info.plist */ = {isa = PBXFileReference; lastKnownFileType = text.plist.xml; path = Info.plist; sourceTree = "<group>"; };
		A7AFFBD91B7E645A00AF3B76 /* GeocoderViewController.h */ = {isa = PBXFileReference; fileEncoding = 4; lastKnownFileType = sourcecode.c.h; path = GeocoderViewController.h; sourceTree = "<group>"; };
		A7AFFBDA1B7E645A00AF3B76 /* GeocoderViewController.m */ = {isa = PBXFileReference; fileEncoding = 4; lastKnownFileType = sourcecode.c.objc; path = GeocoderViewController.m; sourceTree = "<group>"; };
		A7AFFBDC1B7E646700AF3B76 /* ReverceGeocoderViewController.h */ = {isa = PBXFileReference; fileEncoding = 4; lastKnownFileType = sourcecode.c.h; path = ReverceGeocoderViewController.h; sourceTree = "<group>"; };
		A7AFFBDD1B7E646700AF3B76 /* ReverceGeocoderViewController.m */ = {isa = PBXFileReference; fileEncoding = 4; lastKnownFileType = sourcecode.c.objc; path = ReverceGeocoderViewController.m; sourceTree = "<group>"; };
/* End PBXFileReference section */

/* Begin PBXFrameworksBuildPhase section */
		A7AFFBBC1B7E639600AF3B76 /* Frameworks */ = {
			isa = PBXFrameworksBuildPhase;
			buildActionMask = 2147483647;
			files = (
			);
			runOnlyForDeploymentPostprocessing = 0;
		};
/* End PBXFrameworksBuildPhase section */

/* Begin PBXGroup section */
		A7AFFBB61B7E639600AF3B76 = {
			isa = PBXGroup;
			children = (
				A7AFFBC11B7E639600AF3B76 /* 02-Geocoder */,
				A7AFFBC01B7E639600AF3B76 /* Products */,
			);
			sourceTree = "<group>";
		};
		A7AFFBC01B7E639600AF3B76 /* Products */ = {
			isa = PBXGroup;
			children = (
				A7AFFBBF1B7E639600AF3B76 /* 02-Geocoder.app */,
			);
			name = Products;
			sourceTree = "<group>";
		};
		A7AFFBC11B7E639600AF3B76 /* 02-Geocoder */ = {
			isa = PBXGroup;
			children = (
				A7AFFBC51B7E639600AF3B76 /* AppDelegate.h */,
				A7AFFBC61B7E639600AF3B76 /* AppDelegate.m */,
				A7AFFBD91B7E645A00AF3B76 /* GeocoderViewController.h */,
				A7AFFBDA1B7E645A00AF3B76 /* GeocoderViewController.m */,
				A7AFFBDC1B7E646700AF3B76 /* ReverceGeocoderViewController.h */,
				A7AFFBDD1B7E646700AF3B76 /* ReverceGeocoderViewController.m */,
				A7AFFBCB1B7E639600AF3B76 /* Main.storyboard */,
				A7AFFBCE1B7E639600AF3B76 /* Assets.xcassets */,
				A7AFFBD01B7E639600AF3B76 /* LaunchScreen.storyboard */,
				A7AFFBD31B7E639600AF3B76 /* Info.plist */,
				A7AFFBC21B7E639600AF3B76 /* Supporting Files */,
			);
			path = "02-Geocoder";
			sourceTree = "<group>";
		};
		A7AFFBC21B7E639600AF3B76 /* Supporting Files */ = {
			isa = PBXGroup;
			children = (
				A7AFFBC31B7E639600AF3B76 /* main.m */,
			);
			name = "Supporting Files";
			sourceTree = "<group>";
		};
/* End PBXGroup section */

/* Begin PBXNativeTarget section */
		A7AFFBBE1B7E639600AF3B76 /* 02-Geocoder */ = {
			isa = PBXNativeTarget;
			buildConfigurationList = A7AFFBD61B7E639600AF3B76 /* Build configuration list for PBXNativeTarget "02-Geocoder" */;
			buildPhases = (
				A7AFFBBB1B7E639600AF3B76 /* Sources */,
				A7AFFBBC1B7E639600AF3B76 /* Frameworks */,
				A7AFFBBD1B7E639600AF3B76 /* Resources */,
			);
			buildRules = (
			);
			dependencies = (
			);
			name = "02-Geocoder";
			productName = "02-Geocoder";
			productReference = A7AFFBBF1B7E639600AF3B76 /* 02-Geocoder.app */;
			productType = "com.apple.product-type.application";
		};
/* End PBXNativeTarget section */

/* Begin PBXProject section */
		A7AFFBB71B7E639600AF3B76 /* Project object */ = {
			isa = PBXProject;
			attributes = {
				LastUpgradeCheck = 0700;
				ORGANIZATIONNAME = "Aixtuz Kang";
				TargetAttributes = {
					A7AFFBBE1B7E639600AF3B76 = {
						CreatedOnToolsVersion = 7.0;
						DevelopmentTeam = M9UL5C77W7;
					};
				};
			};
			buildConfigurationList = A7AFFBBA1B7E639600AF3B76 /* Build configuration list for PBXProject "02-Geocoder" */;
			compatibilityVersion = "Xcode 3.2";
			developmentRegion = English;
			hasScannedForEncodings = 0;
			knownRegions = (
				en,
				Base,
			);
			mainGroup = A7AFFBB61B7E639600AF3B76;
			productRefGroup = A7AFFBC01B7E639600AF3B76 /* Products */;
			projectDirPath = "";
			projectRoot = "";
			targets = (
				A7AFFBBE1B7E639600AF3B76 /* 02-Geocoder */,
			);
		};
/* End PBXProject section */

/* Begin PBXResourcesBuildPhase section */
		A7AFFBBD1B7E639600AF3B76 /* Resources */ = {
			isa = PBXResourcesBuildPhase;
			buildActionMask = 2147483647;
			files = (
				A7AFFBD21B7E639600AF3B76 /* LaunchScreen.storyboard in Resources */,
				A7AFFBCF1B7E639600AF3B76 /* Assets.xcassets in Resources */,
				A7AFFBCD1B7E639600AF3B76 /* Main.storyboard in Resources */,
			);
			runOnlyForDeploymentPostprocessing = 0;
		};
/* End PBXResourcesBuildPhase section */

/* Begin PBXSourcesBuildPhase section */
		A7AFFBBB1B7E639600AF3B76 /* Sources */ = {
			isa = PBXSourcesBuildPhase;
			buildActionMask = 2147483647;
			files = (
				A7AFFBC71B7E639600AF3B76 /* AppDelegate.m in Sources */,
				A7AFFBDE1B7E646700AF3B76 /* ReverceGeocoderViewController.m in Sources */,
				A7AFFBC41B7E639600AF3B76 /* main.m in Sources */,
				A7AFFBDB1B7E645A00AF3B76 /* GeocoderViewController.m in Sources */,
			);
			runOnlyForDeploymentPostprocessing = 0;
		};
/* End PBXSourcesBuildPhase section */

/* Begin PBXVariantGroup section */
		A7AFFBCB1B7E639600AF3B76 /* Main.storyboard */ = {
			isa = PBXVariantGroup;
			children = (
				A7AFFBCC1B7E639600AF3B76 /* Base */,
			);
			name = Main.storyboard;
			sourceTree = "<group>";
		};
		A7AFFBD01B7E639600AF3B76 /* LaunchScreen.storyboard */ = {
			isa = PBXVariantGroup;
			children = (
				A7AFFBD11B7E639600AF3B76 /* Base */,
			);
			name = LaunchScreen.storyboard;
			sourceTree = "<group>";
		};
/* End PBXVariantGroup section */

/* Begin XCBuildConfiguration section */
		A7AFFBD41B7E639600AF3B76 /* Debug */ = {
			isa = XCBuildConfiguration;
			buildSettings = {
				ALWAYS_SEARCH_USER_PATHS = NO;
				CLANG_CXX_LANGUAGE_STANDARD = "gnu++0x";
				CLANG_CXX_LIBRARY = "libc++";
				CLANG_ENABLE_MODULES = YES;
				CLANG_ENABLE_OBJC_ARC = YES;
				CLANG_WARN_BOOL_CONVERSION = YES;
				CLANG_WARN_CONSTANT_CONVERSION = YES;
				CLANG_WARN_DIRECT_OBJC_ISA_USAGE = YES_ERROR;
				CLANG_WARN_EMPTY_BODY = YES;
				CLANG_WARN_ENUM_CONVERSION = YES;
				CLANG_WARN_INT_CONVERSION = YES;
				CLANG_WARN_OBJC_ROOT_CLASS = YES_ERROR;
				CLANG_WARN_UNREACHABLE_CODE = YES;
				CLANG_WARN__DUPLICATE_METHOD_MATCH = YES;
				"CODE_SIGN_IDENTITY[sdk=iphoneos*]" = "iPhone Developer";
				COPY_PHASE_STRIP = NO;
				DEBUG_INFORMATION_FORMAT = dwarf;
				ENABLE_STRICT_OBJC_MSGSEND = YES;
				ENABLE_TESTABILITY = YES;
				GCC_C_LANGUAGE_STANDARD = gnu99;
				GCC_DYNAMIC_NO_PIC = NO;
				GCC_NO_COMMON_BLOCKS = YES;
				GCC_OPTIMIZATION_LEVEL = 0;
				GCC_PREPROCESSOR_DEFINITIONS = (
					"DEBUG=1",
					"$(inherited)",
				);
				GCC_WARN_64_TO_32_BIT_CONVERSION = YES;
				GCC_WARN_ABOUT_RETURN_TYPE = YES_ERROR;
				GCC_WARN_UNDECLARED_SELECTOR = YES;
				GCC_WARN_UNINITIALIZED_AUTOS = YES_AGGRESSIVE;
				GCC_WARN_UNUSED_FUNCTION = YES;
				GCC_WARN_UNUSED_VARIABLE = YES;
				IPHONEOS_DEPLOYMENT_TARGET = 9.0;
				MTL_ENABLE_DEBUG_INFO = YES;
				ONLY_ACTIVE_ARCH = YES;
				SDKROOT = iphoneos;
			};
			name = Debug;
		};
		A7AFFBD51B7E639600AF3B76 /* Release */ = {
			isa = XCBuildConfiguration;
			buildSettings = {
				ALWAYS_SEARCH_USER_PATHS = NO;
				CLANG_CXX_LANGUAGE_STANDARD = "gnu++0x";
				CLANG_CXX_LIBRARY = "libc++";
				CLANG_ENABLE_MODULES = YES;
				CLANG_ENABLE_OBJC_ARC = YES;
				CLANG_WARN_BOOL_CONVERSION = YES;
				CLANG_WARN_CONSTANT_CONVERSION = YES;
				CLANG_WARN_DIRECT_OBJC_ISA_USAGE = YES_ERROR;
				CLANG_WARN_EMPTY_BODY = YES;
				CLANG_WARN_ENUM_CONVERSION = YES;
				CLANG_WARN_INT_CONVERSION = YES;
				CLANG_WARN_OBJC_ROOT_CLASS = YES_ERROR;
				CLANG_WARN_UNREACHABLE_CODE = YES;
				CLANG_WARN__DUPLICATE_METHOD_MATCH = YES;
				"CODE_SIGN_IDENTITY[sdk=iphoneos*]" = "iPhone Developer";
				COPY_PHASE_STRIP = NO;
				DEBUG_INFORMATION_FORMAT = "dwarf-with-dsym";
				ENABLE_NS_ASSERTIONS = NO;
				ENABLE_STRICT_OBJC_MSGSEND = YES;
				GCC_C_LANGUAGE_STANDARD = gnu99;
				GCC_NO_COMMON_BLOCKS = YES;
				GCC_WARN_64_TO_32_BIT_CONVERSION = YES;
				GCC_WARN_ABOUT_RETURN_TYPE = YES_ERROR;
				GCC_WARN_UNDECLARED_SELECTOR = YES;
				GCC_WARN_UNINITIALIZED_AUTOS = YES_AGGRESSIVE;
				GCC_WARN_UNUSED_FUNCTION = YES;
				GCC_WARN_UNUSED_VARIABLE = YES;
				IPHONEOS_DEPLOYMENT_TARGET = 9.0;
				MTL_ENABLE_DEBUG_INFO = NO;
				SDKROOT = iphoneos;
				VALIDATE_PRODUCT = YES;
			};
			name = Release;
		};
		A7AFFBD71B7E639600AF3B76 /* Debug */ = {
			isa = XCBuildConfiguration;
			buildSettings = {
				ASSETCATALOG_COMPILER_APPICON_NAME = AppIcon;
				INFOPLIST_FILE = "02-Geocoder/Info.plist";
				LD_RUNPATH_SEARCH_PATHS = "$(inherited) @executable_path/Frameworks";
				PRODUCT_BUNDLE_IDENTIFIER = "Aixtuz.-2-Geocoder";
				PRODUCT_NAME = "$(TARGET_NAME)";
			};
			name = Debug;
		};
		A7AFFBD81B7E639600AF3B76 /* Release */ = {
			isa = XCBuildConfiguration;
			buildSettings = {
				ASSETCATALOG_COMPILER_APPICON_NAME = AppIcon;
				INFOPLIST_FILE = "02-Geocoder/Info.plist";
				LD_RUNPATH_SEARCH_PATHS = "$(inherited) @executable_path/Frameworks";
				PRODUCT_BUNDLE_IDENTIFIER = "Aixtuz.-2-Geocoder";
				PRODUCT_NAME = "$(TARGET_NAME)";
			};
			name = Release;
		};
/* End XCBuildConfiguration section */

/* Begin XCConfigurationList section */
		A7AFFBBA1B7E639600AF3B76 /* Build configuration list for PBXProject "02-Geocoder" */ = {
			isa = XCConfigurationList;
			buildConfigurations = (
				A7AFFBD41B7E639600AF3B76 /* Debug */,
				A7AFFBD51B7E639600AF3B76 /* Release */,
			);
			defaultConfigurationIsVisible = 0;
			defaultConfigurationName = Release;
		};
		A7AFFBD61B7E639600AF3B76 /* Build configuration list for PBXNativeTarget "02-Geocoder" */ = {
			isa = XCConfigurationList;
			buildConfigurations = (
				A7AFFBD71B7E639600AF3B76 /* Debug */,
				A7AFFBD81B7E639600AF3B76 /* Release */,
			);
			defaultConfigurationIsVisible = 0;
		};
/* End XCConfigurationList section */
	};
	rootObject = A7AFFBB71B7E639600AF3B76 /* Project object */;
}
